// !$*UTF8*$!
{
	archiveVersion = 1;
	classes = {
	};
	objectVersion = 46;
	objects = {

/* Begin PBXBuildFile section */
		222CD5701AF7A23F00C2C53A /* AppDelegate.swift in Sources */ = {isa = PBXBuildFile; fileRef = 222CD56F1AF7A23F00C2C53A /* AppDelegate.swift */; };
		222CD5721AF7A23F00C2C53A /* ViewController.swift in Sources */ = {isa = PBXBuildFile; fileRef = 222CD5711AF7A23F00C2C53A /* ViewController.swift */; };
		222CD5751AF7A23F00C2C53A /* Main.storyboard in Resources */ = {isa = PBXBuildFile; fileRef = 222CD5731AF7A23F00C2C53A /* Main.storyboard */; };
		222CD5771AF7A23F00C2C53A /* Images.xcassets in Resources */ = {isa = PBXBuildFile; fileRef = 222CD5761AF7A23F00C2C53A /* Images.xcassets */; };
		222CD57A1AF7A23F00C2C53A /* LaunchScreen.xib in Resources */ = {isa = PBXBuildFile; fileRef = 222CD5781AF7A23F00C2C53A /* LaunchScreen.xib */; };
		222CD5861AF7A23F00C2C53A /* CalculatorTests.swift in Sources */ = {isa = PBXBuildFile; fileRef = 222CD5851AF7A23F00C2C53A /* CalculatorTests.swift */; };
/* End PBXBuildFile section */

/* Begin PBXContainerItemProxy section */
		222CD5801AF7A23F00C2C53A /* PBXContainerItemProxy */ = {
			isa = PBXContainerItemProxy;
			containerPortal = 222CD5621AF7A23F00C2C53A /* Project object */;
			proxyType = 1;
			remoteGlobalIDString = 222CD5691AF7A23F00C2C53A;
			remoteInfo = Calculator;
		};
/* End PBXContainerItemProxy section */

/* Begin PBXFileReference section */
		222CD56A1AF7A23F00C2C53A /* Calculator.app */ = {isa = PBXFileReference; explicitFileType = wrapper.application; includeInIndex = 0; path = Calculator.app; sourceTree = BUILT_PRODUCTS_DIR; };
		222CD56E1AF7A23F00C2C53A /* Info.plist */ = {isa = PBXFileReference; lastKnownFileType = text.plist.xml; path = Info.plist; sourceTree = "<group>"; };
		222CD56F1AF7A23F00C2C53A /* AppDelegate.swift */ = {isa = PBXFileReference; lastKnownFileType = sourcecode.swift; path = AppDelegate.swift; sourceTree = "<group>"; };
		222CD5711AF7A23F00C2C53A /* ViewController.swift */ = {isa = PBXFileReference; lastKnownFileType = sourcecode.swift; path = ViewController.swift; sourceTree = "<group>"; };
		222CD5741AF7A23F00C2C53A /* Base */ = {isa = PBXFileReference; lastKnownFileType = file.storyboard; name = Base; path = Base.lproj/Main.storyboard; sourceTree = "<group>"; };
		222CD5761AF7A23F00C2C53A /* Images.xcassets */ = {isa = PBXFileReference; lastKnownFileType = folder.assetcatalog; path = Images.xcassets; sourceTree = "<group>"; };
		222CD5791AF7A23F00C2C53A /* Base */ = {isa = PBXFileReference; lastKnownFileType = file.xib; name = Base; path = Base.lproj/LaunchScreen.xib; sourceTree = "<group>"; };
		222CD57F1AF7A23F00C2C53A /* CalculatorTests.xctest */ = {isa = PBXFileReference; explicitFileType = wrapper.cfbundle; includeInIndex = 0; path = CalculatorTests.xctest; sourceTree = BUILT_PRODUCTS_DIR; };
		222CD5841AF7A23F00C2C53A /* Info.plist */ = {isa = PBXFileReference; lastKnownFileType = text.plist.xml; path = Info.plist; sourceTree = "<group>"; };
		222CD5851AF7A23F00C2C53A /* CalculatorTests.swift */ = {isa = PBXFileReference; lastKnownFileType = sourcecode.swift; path = CalculatorTests.swift; sourceTree = "<group>"; };
/* End PBXFileReference section */

/* Begin PBXFrameworksBuildPhase section */
		222CD5671AF7A23F00C2C53A /* Frameworks */ = {
			isa = PBXFrameworksBuildPhase;
			buildActionMask = 2147483647;
			files = (
			);
			runOnlyForDeploymentPostprocessing = 0;
		};
		222CD57C1AF7A23F00C2C53A /* Frameworks */ = {
			isa = PBXFrameworksBuildPhase;
			buildActionMask = 2147483647;
			files = (
			);
			runOnlyForDeploymentPostprocessing = 0;
		};
/* End PBXFrameworksBuildPhase section */

/* Begin PBXGroup section */
		222CD5611AF7A23F00C2C53A = {
			isa = PBXGroup;
			children = (
				222CD56C1AF7A23F00C2C53A /* Calculator */,
				222CD5821AF7A23F00C2C53A /* CalculatorTests */,
				222CD56B1AF7A23F00C2C53A /* Products */,
			);
			sourceTree = "<group>";
		};
		222CD56B1AF7A23F00C2C53A /* Products */ = {
			isa = PBXGroup;
			children = (
				222CD56A1AF7A23F00C2C53A /* Calculator.app */,
				222CD57F1AF7A23F00C2C53A /* CalculatorTests.xctest */,
			);
			name = Products;
			sourceTree = "<group>";
		};
		222CD56C1AF7A23F00C2C53A /* Calculator */ = {
			isa = PBXGroup;
			children = (
				222CD56F1AF7A23F00C2C53A /* AppDelegate.swift */,
				222CD5711AF7A23F00C2C53A /* ViewController.swift */,
				222CD5731AF7A23F00C2C53A /* Main.storyboard */,
				222CD5761AF7A23F00C2C53A /* Images.xcassets */,
				222CD5781AF7A23F00C2C53A /* LaunchScreen.xib */,
				222CD56D1AF7A23F00C2C53A /* Supporting Files */,
			);
			path = Calculator;
			sourceTree = "<group>";
		};
		222CD56D1AF7A23F00C2C53A /* Supporting Files */ = {
			isa = PBXGroup;
			children = (
				222CD56E1AF7A23F00C2C53A /* Info.plist */,
			);
			name = "Supporting Files";
			sourceTree = "<group>";
		};
		222CD5821AF7A23F00C2C53A /* CalculatorTests */ = {
			isa = PBXGroup;
			children = (
				222CD5851AF7A23F00C2C53A /* CalculatorTests.swift */,
				222CD5831AF7A23F00C2C53A /* Supporting Files */,
			);
			path = CalculatorTests;
			sourceTree = "<group>";
		};
		222CD5831AF7A23F00C2C53A /* Supporting Files */ = {
			isa = PBXGroup;
			children = (
				222CD5841AF7A23F00C2C53A /* Info.plist */,
			);
			name = "Supporting Files";
			sourceTree = "<group>";
		};
/* End PBXGroup section */

/* Begin PBXNativeTarget section */
		222CD5691AF7A23F00C2C53A /* Calculator */ = {
			isa = PBXNativeTarget;
			buildConfigurationList = 222CD5891AF7A23F00C2C53A /* Build configuration list for PBXNativeTarget "Calculator" */;
			buildPhases = (
				222CD5661AF7A23F00C2C53A /* Sources */,
				222CD5671AF7A23F00C2C53A /* Frameworks */,
				222CD5681AF7A23F00C2C53A /* Resources */,
			);
			buildRules = (
			);
			dependencies = (
			);
			name = Calculator;
			productName = Calculator;
			productReference = 222CD56A1AF7A23F00C2C53A /* Calculator.app */;
			productType = "com.apple.product-type.application";
		};
		222CD57E1AF7A23F00C2C53A /* CalculatorTests */ = {
			isa = PBXNativeTarget;
			buildConfigurationList = 222CD58C1AF7A23F00C2C53A /* Build configuration list for PBXNativeTarget "CalculatorTests" */;
			buildPhases = (
				222CD57B1AF7A23F00C2C53A /* Sources */,
				222CD57C1AF7A23F00C2C53A /* Frameworks */,
				222CD57D1AF7A23F00C2C53A /* Resources */,
			);
			buildRules = (
			);
			dependencies = (
				222CD5811AF7A23F00C2C53A /* PBXTargetDependency */,
			);
			name = CalculatorTests;
			productName = CalculatorTests;
			productReference = 222CD57F1AF7A23F00C2C53A /* CalculatorTests.xctest */;
			productType = "com.apple.product-type.bundle.unit-test";
		};
/* End PBXNativeTarget section */

/* Begin PBXProject section */
		222CD5621AF7A23F00C2C53A /* Project object */ = {
			isa = PBXProject;
			attributes = {
				LastUpgradeCheck = 0630;
				ORGANIZATIONNAME = "叶云";
				TargetAttributes = {
					222CD5691AF7A23F00C2C53A = {
						CreatedOnToolsVersion = 6.3;
					};
					222CD57E1AF7A23F00C2C53A = {
						CreatedOnToolsVersion = 6.3;
						TestTargetID = 222CD5691AF7A23F00C2C53A;
					};
				};
			};
			buildConfigurationList = 222CD5651AF7A23F00C2C53A /* Build configuration list for PBXProject "Calculator" */;
			compatibilityVersion = "Xcode 3.2";
			developmentRegion = English;
			hasScannedForEncodings = 0;
			knownRegions = (
				en,
				Base,
			);
			mainGroup = 222CD5611AF7A23F00C2C53A;
			productRefGroup = 222CD56B1AF7A23F00C2C53A /* Products */;
			projectDirPath = "";
			projectRoot = "";
			targets = (
				222CD5691AF7A23F00C2C53A /* Calculator */,
				222CD57E1AF7A23F00C2C53A /* CalculatorTests */,
			);
		};
/* End PBXProject section */

/* Begin PBXResourcesBuildPhase section */
		222CD5681AF7A23F00C2C53A /* Resources */ = {
			isa = PBXResourcesBuildPhase;
			buildActionMask = 2147483647;
			files = (
				222CD5751AF7A23F00C2C53A /* Main.storyboard in Resources */,
				222CD57A1AF7A23F00C2C53A /* LaunchScreen.xib in Resources */,
				222CD5771AF7A23F00C2C53A /* Images.xcassets in Resources */,
			);
			runOnlyForDeploymentPostprocessing = 0;
		};
		222CD57D1AF7A23F00C2C53A /* Resources */ = {
			isa = PBXResourcesBuildPhase;
			buildActionMask = 2147483647;
			files = (
			);
			runOnlyForDeploymentPostprocessing = 0;
		};
/* End PBXResourcesBuildPhase section */

/* Begin PBXSourcesBuildPhase section */
		222CD5661AF7A23F00C2C53A /* Sources */ = {
			isa = PBXSourcesBuildPhase;
			buildActionMask = 2147483647;
			files = (
				222CD5721AF7A23F00C2C53A /* ViewController.swift in Sources */,
				222CD5701AF7A23F00C2C53A /* AppDelegate.swift in Sources */,
			);
			runOnlyForDeploymentPostprocessing = 0;
		};
		222CD57B1AF7A23F00C2C53A /* Sources */ = {
			isa = PBXSourcesBuildPhase;
			buildActionMask = 2147483647;
			files = (
				222CD5861AF7A23F00C2C53A /* CalculatorTests.swift in Sources */,
			);
			runOnlyForDeploymentPostprocessing = 0;
		};
/* End PBXSourcesBuildPhase section */

/* Begin PBXTargetDependency section */
		222CD5811AF7A23F00C2C53A /* PBXTargetDependency */ = {
			isa = PBXTargetDependency;
			target = 222CD5691AF7A23F00C2C53A /* Calculator */;
			targetProxy = 222CD5801AF7A23F00C2C53A /* PBXContainerItemProxy */;
		};
/* End PBXTargetDependency section */

/* Begin PBXVariantGroup section */
		222CD5731AF7A23F00C2C53A /* Main.storyboard */ = {
			isa = PBXVariantGroup;
			children = (
				222CD5741AF7A23F00C2C53A /* Base */,
			);
			name = Main.storyboard;
			sourceTree = "<group>";
		};
		222CD5781AF7A23F00C2C53A /* LaunchScreen.xib */ = {
			isa = PBXVariantGroup;
			children = (
				222CD5791AF7A23F00C2C53A /* Base */,
			);
			name = LaunchScreen.xib;
			sourceTree = "<group>";
		};
/* End PBXVariantGroup section */

/* Begin XCBuildConfiguration section */
		222CD5871AF7A23F00C2C53A /* Debug */ = {
			isa = XCBuildConfiguration;
			buildSettings = {
				ALWAYS_SEARCH_USER_PATHS = NO;
				CLANG_CXX_LANGUAGE_STANDARD = "gnu++0x";
				CLANG_CXX_LIBRARY = "libc++";
				CLANG_ENABLE_MODULES = YES;
				CLANG_ENABLE_OBJC_ARC = YES;
				CLANG_WARN_BOOL_CONVERSION = YES;
				CLANG_WARN_CONSTANT_CONVERSION = YES;
				CLANG_WARN_DIRECT_OBJC_ISA_USAGE = YES_ERROR;
				CLANG_WARN_EMPTY_BODY = YES;
				CLANG_WARN_ENUM_CONVERSION = YES;
				CLANG_WARN_INT_CONVERSION = YES;
				CLANG_WARN_OBJC_ROOT_CLASS = YES_ERROR;
				CLANG_WARN_UNREACHABLE_CODE = YES;
				CLANG_WARN__DUPLICATE_METHOD_MATCH = YES;
				"CODE_SIGN_IDENTITY[sdk=iphoneos*]" = "iPhone Developer";
				COPY_PHASE_STRIP = NO;
				DEBUG_INFORMATION_FORMAT = "dwarf-with-dsym";
				ENABLE_STRICT_OBJC_MSGSEND = YES;
				GCC_C_LANGUAGE_STANDARD = gnu99;
				GCC_DYNAMIC_NO_PIC = NO;
				GCC_NO_COMMON_BLOCKS = YES;
				GCC_OPTIMIZATION_LEVEL = 0;
				GCC_PREPROCESSOR_DEFINITIONS = (
					"DEBUG=1",
					"$(inherited)",
				);
				GCC_SYMBOLS_PRIVATE_EXTERN = NO;
				GCC_WARN_64_TO_32_BIT_CONVERSION = YES;
				GCC_WARN_ABOUT_RETURN_TYPE = YES_ERROR;
				GCC_WARN_UNDECLARED_SELECTOR = YES;
				GCC_WARN_UNINITIALIZED_AUTOS = YES_AGGRESSIVE;
				GCC_WARN_UNUSED_FUNCTION = YES;
				GCC_WARN_UNUSED_VARIABLE = YES;
				IPHONEOS_DEPLOYMENT_TARGET = 8.3;
				MTL_ENABLE_DEBUG_INFO = YES;
				ONLY_ACTIVE_ARCH = YES;
				SDKROOT = iphoneos;
				SWIFT_OPTIMIZATION_LEVEL = "-Onone";
			};
			name = Debug;
		};
		222CD5881AF7A23F00C2C53A /* Release */ = {
			isa = XCBuildConfiguration;
			buildSettings = {
				ALWAYS_SEARCH_USER_PATHS = NO;
				CLANG_CXX_LANGUAGE_STANDARD = "gnu++0x";
				CLANG_CXX_LIBRARY = "libc++";
				CLANG_ENABLE_MODULES = YES;
				CLANG_ENABLE_OBJC_ARC = YES;
				CLANG_WARN_BOOL_CONVERSION = YES;
				CLANG_WARN_CONSTANT_CONVERSION = YES;
				CLANG_WARN_DIRECT_OBJC_ISA_USAGE = YES_ERROR;
				CLANG_WARN_EMPTY_BODY = YES;
				CLANG_WARN_ENUM_CONVERSION = YES;
				CLANG_WARN_INT_CONVERSION = YES;
				CLANG_WARN_OBJC_ROOT_CLASS = YES_ERROR;
				CLANG_WARN_UNREACHABLE_CODE = YES;
				CLANG_WARN__DUPLICATE_METHOD_MATCH = YES;
				"CODE_SIGN_IDENTITY[sdk=iphoneos*]" = "iPhone Developer";
				COPY_PHASE_STRIP = NO;
				DEBUG_INFORMATION_FORMAT = "dwarf-with-dsym";
				ENABLE_NS_ASSERTIONS = NO;
				ENABLE_STRICT_OBJC_MSGSEND = YES;
				GCC_C_LANGUAGE_STANDARD = gnu99;
				GCC_NO_COMMON_BLOCKS = YES;
				GCC_WARN_64_TO_32_BIT_CONVERSION = YES;
				GCC_WARN_ABOUT_RETURN_TYPE = YES_ERROR;
				GCC_WARN_UNDECLARED_SELECTOR = YES;
				GCC_WARN_UNINITIALIZED_AUTOS = YES_AGGRESSIVE;
				GCC_WARN_UNUSED_FUNCTION = YES;
				GCC_WARN_UNUSED_VARIABLE = YES;
				IPHONEOS_DEPLOYMENT_TARGET = 8.3;
				MTL_ENABLE_DEBUG_INFO = NO;
				SDKROOT = iphoneos;
				VALIDATE_PRODUCT = YES;
			};
			name = Release;
		};
		222CD58A1AF7A23F00C2C53A /* Debug */ = {
			isa = XCBuildConfiguration;
			buildSettings = {
				ASSETCATALOG_COMPILER_APPICON_NAME = AppIcon;
				INFOPLIST_FILE = Calculator/Info.plist;
				LD_RUNPATH_SEARCH_PATHS = "$(inherited) @executable_path/Frameworks";
				PRODUCT_NAME = "$(TARGET_NAME)";
			};
			name = Debug;
		};
		222CD58B1AF7A23F00C2C53A /* Release */ = {
			isa = XCBuildConfiguration;
			buildSettings = {
				ASSETCATALOG_COMPILER_APPICON_NAME = AppIcon;
				INFOPLIST_FILE = Calculator/Info.plist;
				LD_RUNPATH_SEARCH_PATHS = "$(inherited) @executable_path/Frameworks";
				PRODUCT_NAME = "$(TARGET_NAME)";
			};
			name = Release;
		};
		222CD58D1AF7A23F00C2C53A /* Debug */ = {
			isa = XCBuildConfiguration;
			buildSettings = {
				BUNDLE_LOADER = "$(TEST_HOST)";
				FRAMEWORK_SEARCH_PATHS = (
					"$(SDKROOT)/Developer/Library/Frameworks",
					"$(inherited)",
				);
				GCC_PREPROCESSOR_DEFINITIONS = (
					"DEBUG=1",
					"$(inherited)",
				);
				INFOPLIST_FILE = CalculatorTests/Info.plist;
				LD_RUNPATH_SEARCH_PATHS = "$(inherited) @executable_path/Frameworks @loader_path/Frameworks";
				PRODUCT_NAME = "$(TARGET_NAME)";
				TEST_HOST = "$(BUILT_PRODUCTS_DIR)/Calculator.app/Calculator";
			};
			name = Debug;
		};
		222CD58E1AF7A23F00C2C53A /* Release */ = {
			isa = XCBuildConfiguration;
			buildSettings = {
				BUNDLE_LOADER = "$(TEST_HOST)";
				FRAMEWORK_SEARCH_PATHS = (
					"$(SDKROOT)/Developer/Library/Frameworks",
					"$(inherited)",
				);
				INFOPLIST_FILE = CalculatorTests/Info.plist;
				LD_RUNPATH_SEARCH_PATHS = "$(inherited) @executable_path/Frameworks @loader_path/Frameworks";
				PRODUCT_NAME = "$(TARGET_NAME)";
				TEST_HOST = "$(BUILT_PRODUCTS_DIR)/Calculator.app/Calculator";
			};
			name = Release;
		};
/* End XCBuildConfiguration section */

/* Begin XCConfigurationList section */
		222CD5651AF7A23F00C2C53A /* Build configuration list for PBXProject "Calculator" */ = {
			isa = XCConfigurationList;
			buildConfigurations = (
				222CD5871AF7A23F00C2C53A /* Debug */,
				222CD5881AF7A23F00C2C53A /* Release */,
			);
			defaultConfigurationIsVisible = 0;
			defaultConfigurationName = Release;
		};
		222CD5891AF7A23F00C2C53A /* Build configuration list for PBXNativeTarget "Calculator" */ = {
			isa = XCConfigurationList;
			buildConfigurations = (
				222CD58A1AF7A23F00C2C53A /* Debug */,
				222CD58B1AF7A23F00C2C53A /* Release */,
			);
			defaultConfigurationIsVisible = 0;
		};
		222CD58C1AF7A23F00C2C53A /* Build configuration list for PBXNativeTarget "CalculatorTests" */ = {
			isa = XCConfigurationList;
			buildConfigurations = (
				222CD58D1AF7A23F00C2C53A /* Debug */,
				222CD58E1AF7A23F00C2C53A /* Release */,
			);
			defaultConfigurationIsVisible = 0;
		};
/* End XCConfigurationList section */
	};
	rootObject = 222CD5621AF7A23F00C2C53A /* Project object */;
}
